
Microsoft Visual Studio Solution File, Format Version 12.00
# Visual Studio 15
VisualStudioVersion = 15.0.26730.10
MinimumVisualStudioVersion = 10.0.40219.1

Project("{D954291E-2A0B-460D-934E-DC6B0785DB48}") = "LocalArchivGameApp", "LocalArchivGameApp\LocalArchivGameApp\LocalArchivGameApp.shproj", "{1E9DC2E8-41B0-4DF5-8052-FCE2660E8993}"
EndProject




Project("{FAE04EC0-301F-11D3-BF4B-00C04F79EFBC}") = "LocalArchivGameApp.Android", "LocalArchivGameApp\LocalArchivGameApp.Android\LocalArchivGameApp.Android.csproj", "{A1F4592A-B1B4-4EF3-9AD1-FCC3627810AC}"
EndProject

Project("{FAE04EC0-301F-11D3-BF4B-00C04F79EFBC}") = "LocalArchivGameApp.UWP", "LocalArchivGameApp\LocalArchivGameApp.UWP\LocalArchivGameApp.UWP.csproj", "{811262A8-7676-4833-8B14-1DFD36868987}"
EndProject

Global
	GlobalSection(SolutionConfigurationPlatforms) = preSolution
		Ad-Hoc|Any CPU = Ad-Hoc|Any CPU
		Ad-Hoc|ARM = Ad-Hoc|ARM
		Ad-Hoc|iPhone = Ad-Hoc|iPhone
		Ad-Hoc|iPhoneSimulator = Ad-Hoc|iPhoneSimulator
		Ad-Hoc|x64 = Ad-Hoc|x64
		Ad-Hoc|x86 = Ad-Hoc|x86
		AppStore|Any CPU = AppStore|Any CPU
		AppStore|ARM = AppStore|ARM
		AppStore|iPhone = AppStore|iPhone
		AppStore|iPhoneSimulator = AppStore|iPhoneSimulator
		AppStore|x64 = AppStore|x64
		AppStore|x86 = AppStore|x86
		Debug|Any CPU = Debug|Any CPU
		Debug|ARM = Debug|ARM
		Debug|iPhone = Debug|iPhone
		Debug|iPhoneSimulator = Debug|iPhoneSimulator
		Debug|x64 = Debug|x64
		Debug|x86 = Debug|x86
		Release|Any CPU = Release|Any CPU
		Release|ARM = Release|ARM
		Release|iPhone = Release|iPhone
		Release|iPhoneSimulator = Release|iPhoneSimulator
		Release|x64 = Release|x64
		Release|x86 = Release|x86
	EndGlobalSection
	GlobalSection(ProjectConfigurationPlatforms) = postSolution
		{B95940DE-003E-47DB-94AA-493C3AD17FFC}.Ad-Hoc|Any CPU.ActiveCfg = Debug|Any CPU
		{B95940DE-003E-47DB-94AA-493C3AD17FFC}.Ad-Hoc|Any CPU.Build.0 = Debug|Any CPU
		{B95940DE-003E-47DB-94AA-493C3AD17FFC}.Ad-Hoc|ARM.ActiveCfg = Debug|Any CPU
		{B95940DE-003E-47DB-94AA-493C3AD17FFC}.Ad-Hoc|ARM.Build.0 = Debug|Any CPU
		{B95940DE-003E-47DB-94AA-493C3AD17FFC}.Ad-Hoc|iPhone.ActiveCfg = Debug|Any CPU
		{B95940DE-003E-47DB-94AA-493C3AD17FFC}.Ad-Hoc|iPhone.Build.0 = Debug|Any CPU
		{B95940DE-003E-47DB-94AA-493C3AD17FFC}.Ad-Hoc|iPhoneSimulator.ActiveCfg = Debug|Any CPU
		{B95940DE-003E-47DB-94AA-493C3AD17FFC}.Ad-Hoc|iPhoneSimulator.Build.0 = Debug|Any CPU
		{B95940DE-003E-47DB-94AA-493C3AD17FFC}.Ad-Hoc|x64.ActiveCfg = Debug|Any CPU
		{B95940DE-003E-47DB-94AA-493C3AD17FFC}.Ad-Hoc|x64.Build.0 = Debug|Any CPU
		{B95940DE-003E-47DB-94AA-493C3AD17FFC}.Ad-Hoc|x86.ActiveCfg = Debug|Any CPU
		{B95940DE-003E-47DB-94AA-493C3AD17FFC}.Ad-Hoc|x86.Build.0 = Debug|Any CPU
		{B95940DE-003E-47DB-94AA-493C3AD17FFC}.AppStore|Any CPU.ActiveCfg = Debug|Any CPU
		{B95940DE-003E-47DB-94AA-493C3AD17FFC}.AppStore|Any CPU.Build.0 = Debug|Any CPU
		{B95940DE-003E-47DB-94AA-493C3AD17FFC}.AppStore|ARM.ActiveCfg = Debug|Any CPU
		{B95940DE-003E-47DB-94AA-493C3AD17FFC}.AppStore|ARM.Build.0 = Debug|Any CPU
		{B95940DE-003E-47DB-94AA-493C3AD17FFC}.AppStore|iPhone.ActiveCfg = Debug|Any CPU
		{B95940DE-003E-47DB-94AA-493C3AD17FFC}.AppStore|iPhone.Build.0 = Debug|Any CPU
		{B95940DE-003E-47DB-94AA-493C3AD17FFC}.AppStore|iPhoneSimulator.ActiveCfg = Debug|Any CPU
		{B95940DE-003E-47DB-94AA-493C3AD17FFC}.AppStore|iPhoneSimulator.Build.0 = Debug|Any CPU
		{B95940DE-003E-47DB-94AA-493C3AD17FFC}.AppStore|x64.ActiveCfg = Debug|Any CPU
		{B95940DE-003E-47DB-94AA-493C3AD17FFC}.AppStore|x64.Build.0 = Debug|Any CPU
		{B95940DE-003E-47DB-94AA-493C3AD17FFC}.AppStore|x86.ActiveCfg = Debug|Any CPU
		{B95940DE-003E-47DB-94AA-493C3AD17FFC}.AppStore|x86.Build.0 = Debug|Any CPU
		{B95940DE-003E-47DB-94AA-493C3AD17FFC}.Debug|Any CPU.ActiveCfg = Debug|Any CPU
		{B95940DE-003E-47DB-94AA-493C3AD17FFC}.Debug|Any CPU.Build.0 = Debug|Any CPU
		{B95940DE-003E-47DB-94AA-493C3AD17FFC}.Debug|ARM.ActiveCfg = Debug|Any CPU
		{B95940DE-003E-47DB-94AA-493C3AD17FFC}.Debug|ARM.Build.0 = Debug|Any CPU
		{B95940DE-003E-47DB-94AA-493C3AD17FFC}.Debug|iPhone.ActiveCfg = Debug|Any CPU
		{B95940DE-003E-47DB-94AA-493C3AD17FFC}.Debug|iPhone.Build.0 = Debug|Any CPU
		{B95940DE-003E-47DB-94AA-493C3AD17FFC}.Debug|iPhoneSimulator.ActiveCfg = Debug|Any CPU
		{B95940DE-003E-47DB-94AA-493C3AD17FFC}.Debug|iPhoneSimulator.Build.0 = Debug|Any CPU
		{B95940DE-003E-47DB-94AA-493C3AD17FFC}.Debug|x64.ActiveCfg = Debug|Any CPU
		{B95940DE-003E-47DB-94AA-493C3AD17FFC}.Debug|x64.Build.0 = Debug|Any CPU
		{B95940DE-003E-47DB-94AA-493C3AD17FFC}.Debug|x86.ActiveCfg = Debug|Any CPU
		{B95940DE-003E-47DB-94AA-493C3AD17FFC}.Debug|x86.Build.0 = Debug|Any CPU
		{B95940DE-003E-47DB-94AA-493C3AD17FFC}.Release|Any CPU.ActiveCfg = Release|Any CPU
		{B95940DE-003E-47DB-94AA-493C3AD17FFC}.Release|Any CPU.Build.0 = Release|Any CPU
		{B95940DE-003E-47DB-94AA-493C3AD17FFC}.Release|ARM.ActiveCfg = Release|Any CPU
		{B95940DE-003E-47DB-94AA-493C3AD17FFC}.Release|ARM.Build.0 = Release|Any CPU
		{B95940DE-003E-47DB-94AA-493C3AD17FFC}.Release|iPhone.ActiveCfg = Release|Any CPU
		{B95940DE-003E-47DB-94AA-493C3AD17FFC}.Release|iPhone.Build.0 = Release|Any CPU
		{B95940DE-003E-47DB-94AA-493C3AD17FFC}.Release|iPhoneSimulator.ActiveCfg = Release|Any CPU
		{B95940DE-003E-47DB-94AA-493C3AD17FFC}.Release|iPhoneSimulator.Build.0 = Release|Any CPU
		{B95940DE-003E-47DB-94AA-493C3AD17FFC}.Release|x64.ActiveCfg = Release|Any CPU
		{B95940DE-003E-47DB-94AA-493C3AD17FFC}.Release|x64.Build.0 = Release|Any CPU
		{B95940DE-003E-47DB-94AA-493C3AD17FFC}.Release|x86.ActiveCfg = Release|Any CPU
		{B95940DE-003E-47DB-94AA-493C3AD17FFC}.Release|x86.Build.0 = Release|Any CPU
		{9EF87642-9AE5-4D49-8E0F-6DB014DE9591}.Ad-Hoc|Any CPU.ActiveCfg = Ad-Hoc|iPhone
		{9EF87642-9AE5-4D49-8E0F-6DB014DE9591}.Ad-Hoc|ARM.ActiveCfg = Ad-Hoc|iPhone
		{9EF87642-9AE5-4D49-8E0F-6DB014DE9591}.Ad-Hoc|iPhone.ActiveCfg = Ad-Hoc|iPhone
		{9EF87642-9AE5-4D49-8E0F-6DB014DE9591}.Ad-Hoc|iPhone.Build.0 = Ad-Hoc|iPhone
		{9EF87642-9AE5-4D49-8E0F-6DB014DE9591}.Ad-Hoc|iPhoneSimulator.ActiveCfg = Ad-Hoc|iPhoneSimulator
		{9EF87642-9AE5-4D49-8E0F-6DB014DE9591}.Ad-Hoc|iPhoneSimulator.Build.0 = Ad-Hoc|iPhoneSimulator
		{9EF87642-9AE5-4D49-8E0F-6DB014DE9591}.Ad-Hoc|x64.ActiveCfg = Ad-Hoc|iPhone
		{9EF87642-9AE5-4D49-8E0F-6DB014DE9591}.Ad-Hoc|x86.ActiveCfg = Ad-Hoc|iPhone
		{9EF87642-9AE5-4D49-8E0F-6DB014DE9591}.AppStore|Any CPU.ActiveCfg = AppStore|iPhone
		{9EF87642-9AE5-4D49-8E0F-6DB014DE9591}.AppStore|ARM.ActiveCfg = AppStore|iPhone
		{9EF87642-9AE5-4D49-8E0F-6DB014DE9591}.AppStore|iPhone.ActiveCfg = AppStore|iPhone
		{9EF87642-9AE5-4D49-8E0F-6DB014DE9591}.AppStore|iPhone.Build.0 = AppStore|iPhone
		{9EF87642-9AE5-4D49-8E0F-6DB014DE9591}.AppStore|iPhoneSimulator.ActiveCfg = AppStore|iPhoneSimulator
		{9EF87642-9AE5-4D49-8E0F-6DB014DE9591}.AppStore|iPhoneSimulator.Build.0 = AppStore|iPhoneSimulator
		{9EF87642-9AE5-4D49-8E0F-6DB014DE9591}.AppStore|x64.ActiveCfg = AppStore|iPhone
		{9EF87642-9AE5-4D49-8E0F-6DB014DE9591}.AppStore|x86.ActiveCfg = AppStore|iPhone
		{9EF87642-9AE5-4D49-8E0F-6DB014DE9591}.Debug|Any CPU.ActiveCfg = Debug|iPhone
		{9EF87642-9AE5-4D49-8E0F-6DB014DE9591}.Debug|ARM.ActiveCfg = Debug|iPhone
		{9EF87642-9AE5-4D49-8E0F-6DB014DE9591}.Debug|iPhone.ActiveCfg = Debug|iPhone
		{9EF87642-9AE5-4D49-8E0F-6DB014DE9591}.Debug|iPhone.Build.0 = Debug|iPhone
		{9EF87642-9AE5-4D49-8E0F-6DB014DE9591}.Debug|iPhoneSimulator.ActiveCfg = Debug|iPhoneSimulator
		{9EF87642-9AE5-4D49-8E0F-6DB014DE9591}.Debug|iPhoneSimulator.Build.0 = Debug|iPhoneSimulator
		{9EF87642-9AE5-4D49-8E0F-6DB014DE9591}.Debug|x64.ActiveCfg = Debug|iPhone
		{9EF87642-9AE5-4D49-8E0F-6DB014DE9591}.Debug|x86.ActiveCfg = Debug|iPhone
		{9EF87642-9AE5-4D49-8E0F-6DB014DE9591}.Release|Any CPU.ActiveCfg = Release|iPhone
		{9EF87642-9AE5-4D49-8E0F-6DB014DE9591}.Release|ARM.ActiveCfg = Release|iPhone
		{9EF87642-9AE5-4D49-8E0F-6DB014DE9591}.Release|iPhone.ActiveCfg = Release|iPhone
		{9EF87642-9AE5-4D49-8E0F-6DB014DE9591}.Release|iPhone.Build.0 = Release|iPhone
		{9EF87642-9AE5-4D49-8E0F-6DB014DE9591}.Release|iPhoneSimulator.ActiveCfg = Release|iPhoneSimulator
		{9EF87642-9AE5-4D49-8E0F-6DB014DE9591}.Release|iPhoneSimulator.Build.0 = Release|iPhoneSimulator
		{9EF87642-9AE5-4D49-8E0F-6DB014DE9591}.Release|x64.ActiveCfg = Release|iPhone
		{9EF87642-9AE5-4D49-8E0F-6DB014DE9591}.Release|x86.ActiveCfg = Release|iPhone
		{811262A8-7676-4833-8B14-1DFD36868987}.Ad-Hoc|Any CPU.ActiveCfg = Release|x86
		{811262A8-7676-4833-8B14-1DFD36868987}.Ad-Hoc|Any CPU.Build.0 = Release|x86
		{811262A8-7676-4833-8B14-1DFD36868987}.Ad-Hoc|Any CPU.Deploy.0 = Release|x86
		{811262A8-7676-4833-8B14-1DFD36868987}.Ad-Hoc|ARM.ActiveCfg = Release|ARM
		{811262A8-7676-4833-8B14-1DFD36868987}.Ad-Hoc|ARM.Build.0 = Release|ARM
		{811262A8-7676-4833-8B14-1DFD36868987}.Ad-Hoc|ARM.Deploy.0 = Release|ARM
		{811262A8-7676-4833-8B14-1DFD36868987}.Ad-Hoc|iPhone.ActiveCfg = Release|x86
		{811262A8-7676-4833-8B14-1DFD36868987}.Ad-Hoc|iPhone.Build.0 = Release|x86
		{811262A8-7676-4833-8B14-1DFD36868987}.Ad-Hoc|iPhone.Deploy.0 = Release|x86
		{811262A8-7676-4833-8B14-1DFD36868987}.Ad-Hoc|iPhoneSimulator.ActiveCfg = Release|x86
		{811262A8-7676-4833-8B14-1DFD36868987}.Ad-Hoc|iPhoneSimulator.Build.0 = Release|x86
		{811262A8-7676-4833-8B14-1DFD36868987}.Ad-Hoc|iPhoneSimulator.Deploy.0 = Release|x86
		{811262A8-7676-4833-8B14-1DFD36868987}.Ad-Hoc|x64.ActiveCfg = Release|x64
		{811262A8-7676-4833-8B14-1DFD36868987}.Ad-Hoc|x64.Build.0 = Release|x64
		{811262A8-7676-4833-8B14-1DFD36868987}.Ad-Hoc|x64.Deploy.0 = Release|x64
		{811262A8-7676-4833-8B14-1DFD36868987}.Ad-Hoc|x86.ActiveCfg = Release|x86
		{811262A8-7676-4833-8B14-1DFD36868987}.Ad-Hoc|x86.Build.0 = Release|x86
		{811262A8-7676-4833-8B14-1DFD36868987}.Ad-Hoc|x86.Deploy.0 = Release|x86
		{811262A8-7676-4833-8B14-1DFD36868987}.AppStore|Any CPU.ActiveCfg = Release|x86
		{811262A8-7676-4833-8B14-1DFD36868987}.AppStore|Any CPU.Build.0 = Release|x86
		{811262A8-7676-4833-8B14-1DFD36868987}.AppStore|Any CPU.Deploy.0 = Release|x86
		{811262A8-7676-4833-8B14-1DFD36868987}.AppStore|ARM.ActiveCfg = Release|ARM
		{811262A8-7676-4833-8B14-1DFD36868987}.AppStore|ARM.Build.0 = Release|ARM
		{811262A8-7676-4833-8B14-1DFD36868987}.AppStore|ARM.Deploy.0 = Release|ARM
		{811262A8-7676-4833-8B14-1DFD36868987}.AppStore|iPhone.ActiveCfg = Release|x86
		{811262A8-7676-4833-8B14-1DFD36868987}.AppStore|iPhone.Build.0 = Release|x86
		{811262A8-7676-4833-8B14-1DFD36868987}.AppStore|iPhone.Deploy.0 = Release|x86
		{811262A8-7676-4833-8B14-1DFD36868987}.AppStore|iPhoneSimulator.ActiveCfg = Release|x86
		{811262A8-7676-4833-8B14-1DFD36868987}.AppStore|iPhoneSimulator.Build.0 = Release|x86
		{811262A8-7676-4833-8B14-1DFD36868987}.AppStore|iPhoneSimulator.Deploy.0 = Release|x86
		{811262A8-7676-4833-8B14-1DFD36868987}.AppStore|x64.ActiveCfg = Release|x64
		{811262A8-7676-4833-8B14-1DFD36868987}.AppStore|x64.Build.0 = Release|x64
		{811262A8-7676-4833-8B14-1DFD36868987}.AppStore|x64.Deploy.0 = Release|x64
		{811262A8-7676-4833-8B14-1DFD36868987}.AppStore|x86.ActiveCfg = Release|x86
		{811262A8-7676-4833-8B14-1DFD36868987}.AppStore|x86.Build.0 = Release|x86
		{811262A8-7676-4833-8B14-1DFD36868987}.AppStore|x86.Deploy.0 = Release|x86
		{811262A8-7676-4833-8B14-1DFD36868987}.Debug|Any CPU.ActiveCfg = Debug|x86
		{811262A8-7676-4833-8B14-1DFD36868987}.Debug|ARM.ActiveCfg = Debug|ARM
		{811262A8-7676-4833-8B14-1DFD36868987}.Debug|ARM.Build.0 = Debug|ARM
		{811262A8-7676-4833-8B14-1DFD36868987}.Debug|ARM.Deploy.0 = Debug|ARM
		{811262A8-7676-4833-8B14-1DFD36868987}.Debug|iPhone.ActiveCfg = Debug|x86
		{811262A8-7676-4833-8B14-1DFD36868987}.Debug|iPhoneSimulator.ActiveCfg = Debug|x86
		{811262A8-7676-4833-8B14-1DFD36868987}.Debug|x64.ActiveCfg = Debug|x64
		{811262A8-7676-4833-8B14-1DFD36868987}.Debug|x64.Build.0 = Debug|x64
		{811262A8-7676-4833-8B14-1DFD36868987}.Debug|x64.Deploy.0 = Debug|x64
		{811262A8-7676-4833-8B14-1DFD36868987}.Debug|x86.ActiveCfg = Debug|x86
		{811262A8-7676-4833-8B14-1DFD36868987}.Debug|x86.Build.0 = Debug|x86
		{811262A8-7676-4833-8B14-1DFD36868987}.Debug|x86.Deploy.0 = Debug|x86
		{811262A8-7676-4833-8B14-1DFD36868987}.Release|Any CPU.ActiveCfg = Release|x86
		{811262A8-7676-4833-8B14-1DFD36868987}.Release|ARM.ActiveCfg = Release|ARM
		{811262A8-7676-4833-8B14-1DFD36868987}.Release|ARM.Build.0 = Release|ARM
		{811262A8-7676-4833-8B14-1DFD36868987}.Release|ARM.Deploy.0 = Release|ARM
		{811262A8-7676-4833-8B14-1DFD36868987}.Release|iPhone.ActiveCfg = Release|x86
		{811262A8-7676-4833-8B14-1DFD36868987}.Release|iPhoneSimulator.ActiveCfg = Release|x86
		{811262A8-7676-4833-8B14-1DFD36868987}.Release|x64.ActiveCfg = Release|x64
		{811262A8-7676-4833-8B14-1DFD36868987}.Release|x64.Build.0 = Release|x64
		{811262A8-7676-4833-8B14-1DFD36868987}.Release|x64.Deploy.0 = Release|x64
		{811262A8-7676-4833-8B14-1DFD36868987}.Release|x86.ActiveCfg = Release|x86
		{811262A8-7676-4833-8B14-1DFD36868987}.Release|x86.Build.0 = Release|x86
		{811262A8-7676-4833-8B14-1DFD36868987}.Release|x86.Deploy.0 = Release|x86
		{20FDA6ED-B68E-4610-807B-F358668F181E}.Ad-Hoc|Any CPU.ActiveCfg = Release|Any CPU
		{20FDA6ED-B68E-4610-807B-F358668F181E}.Ad-Hoc|Any CPU.Build.0 = Release|Any CPU
		{20FDA6ED-B68E-4610-807B-F358668F181E}.Ad-Hoc|Any CPU.Deploy.0 = Release|Any CPU
		{20FDA6ED-B68E-4610-807B-F358668F181E}.Ad-Hoc|ARM.ActiveCfg = Release|Any CPU
		{20FDA6ED-B68E-4610-807B-F358668F181E}.Ad-Hoc|ARM.Build.0 = Release|Any CPU
		{20FDA6ED-B68E-4610-807B-F358668F181E}.Ad-Hoc|ARM.Deploy.0 = Release|Any CPU
		{20FDA6ED-B68E-4610-807B-F358668F181E}.Ad-Hoc|iPhone.ActiveCfg = Release|Any CPU
		{20FDA6ED-B68E-4610-807B-F358668F181E}.Ad-Hoc|iPhone.Build.0 = Release|Any CPU
		{20FDA6ED-B68E-4610-807B-F358668F181E}.Ad-Hoc|iPhone.Deploy.0 = Release|Any CPU
		{20FDA6ED-B68E-4610-807B-F358668F181E}.Ad-Hoc|iPhoneSimulator.ActiveCfg = Release|Any CPU
		{20FDA6ED-B68E-4610-807B-F358668F181E}.Ad-Hoc|iPhoneSimulator.Build.0 = Release|Any CPU
		{20FDA6ED-B68E-4610-807B-F358668F181E}.Ad-Hoc|iPhoneSimulator.Deploy.0 = Release|Any CPU
		{20FDA6ED-B68E-4610-807B-F358668F181E}.Ad-Hoc|x64.ActiveCfg = Release|Any CPU
		{20FDA6ED-B68E-4610-807B-F358668F181E}.Ad-Hoc|x64.Build.0 = Release|Any CPU
		{20FDA6ED-B68E-4610-807B-F358668F181E}.Ad-Hoc|x64.Deploy.0 = Release|Any CPU
		{20FDA6ED-B68E-4610-807B-F358668F181E}.Ad-Hoc|x86.ActiveCfg = Release|Any CPU
		{20FDA6ED-B68E-4610-807B-F358668F181E}.Ad-Hoc|x86.Build.0 = Release|Any CPU
		{20FDA6ED-B68E-4610-807B-F358668F181E}.Ad-Hoc|x86.Deploy.0 = Release|Any CPU
		{20FDA6ED-B68E-4610-807B-F358668F181E}.AppStore|Any CPU.ActiveCfg = Release|Any CPU
		{20FDA6ED-B68E-4610-807B-F358668F181E}.AppStore|Any CPU.Build.0 = Release|Any CPU
		{20FDA6ED-B68E-4610-807B-F358668F181E}.AppStore|Any CPU.Deploy.0 = Release|Any CPU
		{20FDA6ED-B68E-4610-807B-F358668F181E}.AppStore|ARM.ActiveCfg = Release|Any CPU
		{20FDA6ED-B68E-4610-807B-F358668F181E}.AppStore|ARM.Build.0 = Release|Any CPU
		{20FDA6ED-B68E-4610-807B-F358668F181E}.AppStore|ARM.Deploy.0 = Release|Any CPU
		{20FDA6ED-B68E-4610-807B-F358668F181E}.AppStore|iPhone.ActiveCfg = Release|Any CPU
		{20FDA6ED-B68E-4610-807B-F358668F181E}.AppStore|iPhone.Build.0 = Release|Any CPU
		{20FDA6ED-B68E-4610-807B-F358668F181E}.AppStore|iPhone.Deploy.0 = Release|Any CPU
		{20FDA6ED-B68E-4610-807B-F358668F181E}.AppStore|iPhoneSimulator.ActiveCfg = Release|Any CPU
		{20FDA6ED-B68E-4610-807B-F358668F181E}.AppStore|iPhoneSimulator.Build.0 = Release|Any CPU
		{20FDA6ED-B68E-4610-807B-F358668F181E}.AppStore|iPhoneSimulator.Deploy.0 = Release|Any CPU
		{20FDA6ED-B68E-4610-807B-F358668F181E}.AppStore|x64.ActiveCfg = Release|Any CPU
		{20FDA6ED-B68E-4610-807B-F358668F181E}.AppStore|x64.Build.0 = Release|Any CPU
		{20FDA6ED-B68E-4610-807B-F358668F181E}.AppStore|x64.Deploy.0 = Release|Any CPU
		{20FDA6ED-B68E-4610-807B-F358668F181E}.AppStore|x86.ActiveCfg = Release|Any CPU
		{20FDA6ED-B68E-4610-807B-F358668F181E}.AppStore|x86.Build.0 = Release|Any CPU
		{20FDA6ED-B68E-4610-807B-F358668F181E}.AppStore|x86.Deploy.0 = Release|Any CPU
		{20FDA6ED-B68E-4610-807B-F358668F181E}.Debug|Any CPU.ActiveCfg = Debug|Any CPU
		{20FDA6ED-B68E-4610-807B-F358668F181E}.Debug|Any CPU.Build.0 = Debug|Any CPU
		{20FDA6ED-B68E-4610-807B-F358668F181E}.Debug|Any CPU.Deploy.0 = Debug|Any CPU
		{20FDA6ED-B68E-4610-807B-F358668F181E}.Debug|ARM.ActiveCfg = Debug|Any CPU
		{20FDA6ED-B68E-4610-807B-F358668F181E}.Debug|ARM.Build.0 = Debug|Any CPU
		{20FDA6ED-B68E-4610-807B-F358668F181E}.Debug|ARM.Deploy.0 = Debug|Any CPU
		{20FDA6ED-B68E-4610-807B-F358668F181E}.Debug|iPhone.ActiveCfg = Debug|Any CPU
		{20FDA6ED-B68E-4610-807B-F358668F181E}.Debug|iPhone.Build.0 = Debug|Any CPU
		{20FDA6ED-B68E-4610-807B-F358668F181E}.Debug|iPhone.Deploy.0 = Debug|Any CPU
		{20FDA6ED-B68E-4610-807B-F358668F181E}.Debug|iPhoneSimulator.ActiveCfg = Debug|Any CPU
		{20FDA6ED-B68E-4610-807B-F358668F181E}.Debug|iPhoneSimulator.Build.0 = Debug|Any CPU
		{20FDA6ED-B68E-4610-807B-F358668F181E}.Debug|iPhoneSimulator.Deploy.0 = Debug|Any CPU
		{20FDA6ED-B68E-4610-807B-F358668F181E}.Debug|x64.ActiveCfg = Debug|Any CPU
		{20FDA6ED-B68E-4610-807B-F358668F181E}.Debug|x64.Build.0 = Debug|Any CPU
		{20FDA6ED-B68E-4610-807B-F358668F181E}.Debug|x64.Deploy.0 = Debug|Any CPU
		{20FDA6ED-B68E-4610-807B-F358668F181E}.Debug|x86.ActiveCfg = Debug|Any CPU
		{20FDA6ED-B68E-4610-807B-F358668F181E}.Debug|x86.Build.0 = Debug|Any CPU
		{20FDA6ED-B68E-4610-807B-F358668F181E}.Debug|x86.Deploy.0 = Debug|Any CPU
		{20FDA6ED-B68E-4610-807B-F358668F181E}.Release|Any CPU.ActiveCfg = Release|Any CPU
		{20FDA6ED-B68E-4610-807B-F358668F181E}.Release|Any CPU.Build.0 = Release|Any CPU
		{20FDA6ED-B68E-4610-807B-F358668F181E}.Release|Any CPU.Deploy.0 = Release|Any CPU
		{20FDA6ED-B68E-4610-807B-F358668F181E}.Release|ARM.ActiveCfg = Release|Any CPU
		{20FDA6ED-B68E-4610-807B-F358668F181E}.Release|ARM.Build.0 = Release|Any CPU
		{20FDA6ED-B68E-4610-807B-F358668F181E}.Release|ARM.Deploy.0 = Release|Any CPU
		{20FDA6ED-B68E-4610-807B-F358668F181E}.Release|iPhone.ActiveCfg = Release|Any CPU
		{20FDA6ED-B68E-4610-807B-F358668F181E}.Release|iPhone.Build.0 = Release|Any CPU
		{20FDA6ED-B68E-4610-807B-F358668F181E}.Release|iPhone.Deploy.0 = Release|Any CPU
		{20FDA6ED-B68E-4610-807B-F358668F181E}.Release|iPhoneSimulator.ActiveCfg = Release|Any CPU
		{20FDA6ED-B68E-4610-807B-F358668F181E}.Release|iPhoneSimulator.Build.0 = Release|Any CPU
		{20FDA6ED-B68E-4610-807B-F358668F181E}.Release|iPhoneSimulator.Deploy.0 = Release|Any CPU
		{20FDA6ED-B68E-4610-807B-F358668F181E}.Release|x64.ActiveCfg = Release|Any CPU
		{20FDA6ED-B68E-4610-807B-F358668F181E}.Release|x64.Build.0 = Release|Any CPU
		{20FDA6ED-B68E-4610-807B-F358668F181E}.Release|x64.Deploy.0 = Release|Any CPU
		{20FDA6ED-B68E-4610-807B-F358668F181E}.Release|x86.ActiveCfg = Release|Any CPU
		{20FDA6ED-B68E-4610-807B-F358668F181E}.Release|x86.Build.0 = Release|Any CPU
		{20FDA6ED-B68E-4610-807B-F358668F181E}.Release|x86.Deploy.0 = Release|Any CPU
		{B445DF73-AC9E-4276-9FBA-7CB5AD5D2518}.Ad-Hoc|Any CPU.ActiveCfg = Release|Any CPU
		{B445DF73-AC9E-4276-9FBA-7CB5AD5D2518}.Ad-Hoc|Any CPU.Build.0 = Release|Any CPU
		{B445DF73-AC9E-4276-9FBA-7CB5AD5D2518}.Ad-Hoc|ARM.ActiveCfg = Release|Any CPU
		{B445DF73-AC9E-4276-9FBA-7CB5AD5D2518}.Ad-Hoc|ARM.Build.0 = Release|Any CPU
		{B445DF73-AC9E-4276-9FBA-7CB5AD5D2518}.Ad-Hoc|iPhone.ActiveCfg = Release|Any CPU
		{B445DF73-AC9E-4276-9FBA-7CB5AD5D2518}.Ad-Hoc|iPhone.Build.0 = Release|Any CPU
		{B445DF73-AC9E-4276-9FBA-7CB5AD5D2518}.Ad-Hoc|iPhoneSimulator.ActiveCfg = Release|Any CPU
		{B445DF73-AC9E-4276-9FBA-7CB5AD5D2518}.Ad-Hoc|iPhoneSimulator.Build.0 = Release|Any CPU
		{B445DF73-AC9E-4276-9FBA-7CB5AD5D2518}.Ad-Hoc|x64.ActiveCfg = Release|Any CPU
		{B445DF73-AC9E-4276-9FBA-7CB5AD5D2518}.Ad-Hoc|x64.Build.0 = Release|Any CPU
		{B445DF73-AC9E-4276-9FBA-7CB5AD5D2518}.Ad-Hoc|x86.ActiveCfg = Release|Any CPU
		{B445DF73-AC9E-4276-9FBA-7CB5AD5D2518}.Ad-Hoc|x86.Build.0 = Release|Any CPU
		{B445DF73-AC9E-4276-9FBA-7CB5AD5D2518}.AppStore|Any CPU.ActiveCfg = Release|Any CPU
		{B445DF73-AC9E-4276-9FBA-7CB5AD5D2518}.AppStore|Any CPU.Build.0 = Release|Any CPU
		{B445DF73-AC9E-4276-9FBA-7CB5AD5D2518}.AppStore|ARM.ActiveCfg = Release|Any CPU
		{B445DF73-AC9E-4276-9FBA-7CB5AD5D2518}.AppStore|ARM.Build.0 = Release|Any CPU
		{B445DF73-AC9E-4276-9FBA-7CB5AD5D2518}.AppStore|iPhone.ActiveCfg = Release|Any CPU
		{B445DF73-AC9E-4276-9FBA-7CB5AD5D2518}.AppStore|iPhone.Build.0 = Release|Any CPU
		{B445DF73-AC9E-4276-9FBA-7CB5AD5D2518}.AppStore|iPhoneSimulator.ActiveCfg = Release|Any CPU
		{B445DF73-AC9E-4276-9FBA-7CB5AD5D2518}.AppStore|iPhoneSimulator.Build.0 = Release|Any CPU
		{B445DF73-AC9E-4276-9FBA-7CB5AD5D2518}.AppStore|x64.ActiveCfg = Release|Any CPU
		{B445DF73-AC9E-4276-9FBA-7CB5AD5D2518}.AppStore|x64.Build.0 = Release|Any CPU
		{B445DF73-AC9E-4276-9FBA-7CB5AD5D2518}.AppStore|x86.ActiveCfg = Release|Any CPU
		{B445DF73-AC9E-4276-9FBA-7CB5AD5D2518}.AppStore|x86.Build.0 = Release|Any CPU
		{B445DF73-AC9E-4276-9FBA-7CB5AD5D2518}.Debug|Any CPU.ActiveCfg = Debug|Any CPU
		{B445DF73-AC9E-4276-9FBA-7CB5AD5D2518}.Debug|Any CPU.Build.0 = Debug|Any CPU
		{B445DF73-AC9E-4276-9FBA-7CB5AD5D2518}.Debug|ARM.ActiveCfg = Debug|Any CPU
		{B445DF73-AC9E-4276-9FBA-7CB5AD5D2518}.Debug|ARM.Build.0 = Debug|Any CPU
		{B445DF73-AC9E-4276-9FBA-7CB5AD5D2518}.Debug|iPhone.ActiveCfg = Debug|Any CPU
		{B445DF73-AC9E-4276-9FBA-7CB5AD5D2518}.Debug|iPhone.Build.0 = Debug|Any CPU
		{B445DF73-AC9E-4276-9FBA-7CB5AD5D2518}.Debug|iPhoneSimulator.ActiveCfg = Debug|Any CPU
		{B445DF73-AC9E-4276-9FBA-7CB5AD5D2518}.Debug|iPhoneSimulator.Build.0 = Debug|Any CPU
		{B445DF73-AC9E-4276-9FBA-7CB5AD5D2518}.Debug|x64.ActiveCfg = Debug|Any CPU
		{B445DF73-AC9E-4276-9FBA-7CB5AD5D2518}.Debug|x64.Build.0 = Debug|Any CPU
		{B445DF73-AC9E-4276-9FBA-7CB5AD5D2518}.Debug|x86.ActiveCfg = Debug|Any CPU
		{B445DF73-AC9E-4276-9FBA-7CB5AD5D2518}.Debug|x86.Build.0 = Debug|Any CPU
		{B445DF73-AC9E-4276-9FBA-7CB5AD5D2518}.Release|Any CPU.ActiveCfg = Release|Any CPU
		{B445DF73-AC9E-4276-9FBA-7CB5AD5D2518}.Release|Any CPU.Build.0 = Release|Any CPU
		{B445DF73-AC9E-4276-9FBA-7CB5AD5D2518}.Release|ARM.ActiveCfg = Release|Any CPU
		{B445DF73-AC9E-4276-9FBA-7CB5AD5D2518}.Release|ARM.Build.0 = Release|Any CPU
		{B445DF73-AC9E-4276-9FBA-7CB5AD5D2518}.Release|iPhone.ActiveCfg = Release|Any CPU
		{B445DF73-AC9E-4276-9FBA-7CB5AD5D2518}.Release|iPhone.Build.0 = Release|Any CPU
		{B445DF73-AC9E-4276-9FBA-7CB5AD5D2518}.Release|iPhoneSimulator.ActiveCfg = Release|Any CPU
		{B445DF73-AC9E-4276-9FBA-7CB5AD5D2518}.Release|iPhoneSimulator.Build.0 = Release|Any CPU
		{B445DF73-AC9E-4276-9FBA-7CB5AD5D2518}.Release|x64.ActiveCfg = Release|Any CPU
		{B445DF73-AC9E-4276-9FBA-7CB5AD5D2518}.Release|x64.Build.0 = Release|Any CPU
		{B445DF73-AC9E-4276-9FBA-7CB5AD5D2518}.Release|x86.ActiveCfg = Release|Any CPU
		{B445DF73-AC9E-4276-9FBA-7CB5AD5D2518}.Release|x86.Build.0 = Release|Any CPU
	EndGlobalSection
	GlobalSection(SolutionProperties) = preSolution
		HideSolutionNode = FALSE
	EndGlobalSection
	GlobalSection(ExtensibilityGlobals) = postSolution
		SolutionGuid = {F6D05029-56B8-4E45-AF2D-0E76295DDBA2}
	EndGlobalSection
EndGlobal
